
Microsoft Visual Studio Solution File, Format Version 12.00
# Visual Studio Version 17
VisualStudioVersion = 17.0.31903.59
MinimumVisualStudioVersion = 10.0.40219.1
Project("{FAE04EC0-301F-11D3-BF4B-00C04F79EFBC}") = "API", "API\API.csproj", "{750E4FED-D3CF-436F-AECC-54F64B82CF06}"
EndProject
Project("{FAE04EC0-301F-11D3-BF4B-00C04F79EFBC}") = "Application", "Application\Application.csproj", "{2E98BD76-5143-4395-A471-94C37E67745E}"
EndProject
Project("{FAE04EC0-301F-11D3-BF4B-00C04F79EFBC}") = "Domain", "Domain\Domain.csproj", "{77075063-D4E1-445F-ADBC-370A63467AE8}"
EndProject
Project("{FAE04EC0-301F-11D3-BF4B-00C04F79EFBC}") = "Persistence", "Persistence\Persistence.csproj", "{9B807A2F-364B-4A0E-9B05-1FB8EC8A0A2C}"
EndProject
Global
	GlobalSection(SolutionConfigurationPlatforms) = preSolution
		Debug|Any CPU = Debug|Any CPU
		Release|Any CPU = Release|Any CPU
	EndGlobalSection
	GlobalSection(SolutionProperties) = preSolution
		HideSolutionNode = FALSE
	EndGlobalSection
	GlobalSection(ProjectConfigurationPlatforms) = postSolution
		{750E4FED-D3CF-436F-AECC-54F64B82CF06}.Debug|Any CPU.ActiveCfg = Debug|Any CPU
		{750E4FED-D3CF-436F-AECC-54F64B82CF06}.Debug|Any CPU.Build.0 = Debug|Any CPU
		{750E4FED-D3CF-436F-AECC-54F64B82CF06}.Release|Any CPU.ActiveCfg = Release|Any CPU
		{750E4FED-D3CF-436F-AECC-54F64B82CF06}.Release|Any CPU.Build.0 = Release|Any CPU
		{2E98BD76-5143-4395-A471-94C37E67745E}.Debug|Any CPU.ActiveCfg = Debug|Any CPU
		{2E98BD76-5143-4395-A471-94C37E67745E}.Debug|Any CPU.Build.0 = Debug|Any CPU
		{2E98BD76-5143-4395-A471-94C37E67745E}.Release|Any CPU.ActiveCfg = Release|Any CPU
		{2E98BD76-5143-4395-A471-94C37E67745E}.Release|Any CPU.Build.0 = Release|Any CPU
		{77075063-D4E1-445F-ADBC-370A63467AE8}.Debug|Any CPU.ActiveCfg = Debug|Any CPU
		{77075063-D4E1-445F-ADBC-370A63467AE8}.Debug|Any CPU.Build.0 = Debug|Any CPU
		{77075063-D4E1-445F-ADBC-370A63467AE8}.Release|Any CPU.ActiveCfg = Release|Any CPU
		{77075063-D4E1-445F-ADBC-370A63467AE8}.Release|Any CPU.Build.0 = Release|Any CPU
		{9B807A2F-364B-4A0E-9B05-1FB8EC8A0A2C}.Debug|Any CPU.ActiveCfg = Debug|Any CPU
		{9B807A2F-364B-4A0E-9B05-1FB8EC8A0A2C}.Debug|Any CPU.Build.0 = Debug|Any CPU
		{9B807A2F-364B-4A0E-9B05-1FB8EC8A0A2C}.Release|Any CPU.ActiveCfg = Release|Any CPU
		{9B807A2F-364B-4A0E-9B05-1FB8EC8A0A2C}.Release|Any CPU.Build.0 = Release|Any CPU
	EndGlobalSection
EndGlobal
